// !$*UTF8*$!
{
	archiveVersion = 1;
	classes = {
	};
	objectVersion = 50;
	objects = {

/* Begin PBXBuildFile section */
		B40733ED22AC6FED002E4375 /* RoshamboMove.swift in Sources */ = {isa = PBXBuildFile; fileRef = B40733EC22AC6FED002E4375 /* RoshamboMove.swift */; };
		B40733EF22AC736D002E4375 /* RoshamboMatch.swift in Sources */ = {isa = PBXBuildFile; fileRef = B40733EE22AC736D002E4375 /* RoshamboMatch.swift */; };
		B42CB52B22AB3F9000302674 /* AppDelegate.swift in Sources */ = {isa = PBXBuildFile; fileRef = B42CB52A22AB3F9000302674 /* AppDelegate.swift */; };
		B42CB52D22AB3F9000302674 /* ChooseMoveViewController.swift in Sources */ = {isa = PBXBuildFile; fileRef = B42CB52C22AB3F9000302674 /* ChooseMoveViewController.swift */; };
		B42CB53022AB3F9000302674 /* Main.storyboard in Resources */ = {isa = PBXBuildFile; fileRef = B42CB52E22AB3F9000302674 /* Main.storyboard */; };
		B42CB53222AB3F9000302674 /* Assets.xcassets in Resources */ = {isa = PBXBuildFile; fileRef = B42CB53122AB3F9000302674 /* Assets.xcassets */; };
		B42CB53522AB3F9000302674 /* LaunchScreen.storyboard in Resources */ = {isa = PBXBuildFile; fileRef = B42CB53322AB3F9000302674 /* LaunchScreen.storyboard */; };
		B42CB54122AB55E400302674 /* ResultViewController.swift in Sources */ = {isa = PBXBuildFile; fileRef = B42CB54022AB55E400302674 /* ResultViewController.swift */; };
/* End PBXBuildFile section */

/* Begin PBXFileReference section */
		B40733EC22AC6FED002E4375 /* RoshamboMove.swift */ = {isa = PBXFileReference; lastKnownFileType = sourcecode.swift; path = RoshamboMove.swift; sourceTree = "<group>"; };
		B40733EE22AC736D002E4375 /* RoshamboMatch.swift */ = {isa = PBXFileReference; lastKnownFileType = sourcecode.swift; path = RoshamboMatch.swift; sourceTree = "<group>"; };
		B42CB52722AB3F9000302674 /* Roshambo.app */ = {isa = PBXFileReference; explicitFileType = wrapper.application; includeInIndex = 0; path = Roshambo.app; sourceTree = BUILT_PRODUCTS_DIR; };
		B42CB52A22AB3F9000302674 /* AppDelegate.swift */ = {isa = PBXFileReference; lastKnownFileType = sourcecode.swift; path = AppDelegate.swift; sourceTree = "<group>"; };
		B42CB52C22AB3F9000302674 /* ChooseMoveViewController.swift */ = {isa = PBXFileReference; lastKnownFileType = sourcecode.swift; path = ChooseMoveViewController.swift; sourceTree = "<group>"; };
		B42CB52F22AB3F9000302674 /* Base */ = {isa = PBXFileReference; lastKnownFileType = file.storyboard; name = Base; path = Base.lproj/Main.storyboard; sourceTree = "<group>"; };
		B42CB53122AB3F9000302674 /* Assets.xcassets */ = {isa = PBXFileReference; lastKnownFileType = folder.assetcatalog; path = Assets.xcassets; sourceTree = "<group>"; };
		B42CB53422AB3F9000302674 /* Base */ = {isa = PBXFileReference; lastKnownFileType = file.storyboard; name = Base; path = Base.lproj/LaunchScreen.storyboard; sourceTree = "<group>"; };
		B42CB53622AB3F9000302674 /* Info.plist */ = {isa = PBXFileReference; lastKnownFileType = text.plist.xml; path = Info.plist; sourceTree = "<group>"; };
		B42CB54022AB55E400302674 /* ResultViewController.swift */ = {isa = PBXFileReference; fileEncoding = 4; lastKnownFileType = sourcecode.swift; path = ResultViewController.swift; sourceTree = "<group>"; };
/* End PBXFileReference section */

/* Begin PBXFrameworksBuildPhase section */
		B42CB52422AB3F9000302674 /* Frameworks */ = {
			isa = PBXFrameworksBuildPhase;
			buildActionMask = 2147483647;
			files = (
			);
			runOnlyForDeploymentPostprocessing = 0;
		};
/* End PBXFrameworksBuildPhase section */

/* Begin PBXGroup section */
		B42CB51E22AB3F9000302674 = {
			isa = PBXGroup;
			children = (
				B42CB52922AB3F9000302674 /* Roshambo */,
				B42CB52822AB3F9000302674 /* Products */,
			);
			sourceTree = "<group>";
		};
		B42CB52822AB3F9000302674 /* Products */ = {
			isa = PBXGroup;
			children = (
				B42CB52722AB3F9000302674 /* Roshambo.app */,
			);
			name = Products;
			sourceTree = "<group>";
		};
		B42CB52922AB3F9000302674 /* Roshambo */ = {
			isa = PBXGroup;
			children = (
				B42CB52A22AB3F9000302674 /* AppDelegate.swift */,
				B42CB52C22AB3F9000302674 /* ChooseMoveViewController.swift */,
				B42CB54022AB55E400302674 /* ResultViewController.swift */,
				B40733EC22AC6FED002E4375 /* RoshamboMove.swift */,
				B40733EE22AC736D002E4375 /* RoshamboMatch.swift */,
				B42CB52E22AB3F9000302674 /* Main.storyboard */,
				B42CB53122AB3F9000302674 /* Assets.xcassets */,
				B42CB53322AB3F9000302674 /* LaunchScreen.storyboard */,
				B42CB53622AB3F9000302674 /* Info.plist */,
			);
			path = Roshambo;
			sourceTree = "<group>";
		};
/* End PBXGroup section */

/* Begin PBXNativeTarget section */
		B42CB52622AB3F9000302674 /* Roshambo */ = {
			isa = PBXNativeTarget;
			buildConfigurationList = B42CB53922AB3F9000302674 /* Build configuration list for PBXNativeTarget "Roshambo" */;
			buildPhases = (
				B42CB52322AB3F9000302674 /* Sources */,
				B42CB52422AB3F9000302674 /* Frameworks */,
				B42CB52522AB3F9000302674 /* Resources */,
			);
			buildRules = (
			);
			dependencies = (
			);
			name = Roshambo;
			productName = Roshambo;
			productReference = B42CB52722AB3F9000302674 /* Roshambo.app */;
			productType = "com.apple.product-type.application";
		};
/* End PBXNativeTarget section */

/* Begin PBXProject section */
		B42CB51F22AB3F9000302674 /* Project object */ = {
			isa = PBXProject;
			attributes = {
				LastSwiftUpdateCheck = 1020;
				LastUpgradeCheck = 1020;
				ORGANIZATIONNAME = "Shyam Patel ";
				TargetAttributes = {
					B42CB52622AB3F9000302674 = {
						CreatedOnToolsVersion = 10.2.1;
					};
				};
			};
			buildConfigurationList = B42CB52222AB3F9000302674 /* Build configuration list for PBXProject "Roshambo" */;
			compatibilityVersion = "Xcode 9.3";
			developmentRegion = en;
			hasScannedForEncodings = 0;
			knownRegions = (
				en,
				Base,
			);
			mainGroup = B42CB51E22AB3F9000302674;
			productRefGroup = B42CB52822AB3F9000302674 /* Products */;
			projectDirPath = "";
			projectRoot = "";
			targets = (
				B42CB52622AB3F9000302674 /* Roshambo */,
			);
		};
/* End PBXProject section */

/* Begin PBXResourcesBuildPhase section */
		B42CB52522AB3F9000302674 /* Resources */ = {
			isa = PBXResourcesBuildPhase;
			buildActionMask = 2147483647;
			files = (
				B42CB53522AB3F9000302674 /* LaunchScreen.storyboard in Resources */,
				B42CB53222AB3F9000302674 /* Assets.xcassets in Resources */,
				B42CB53022AB3F9000302674 /* Main.storyboard in Resources */,
			);
			runOnlyForDeploymentPostprocessing = 0;
		};
/* End PBXResourcesBuildPhase section */

/* Begin PBXSourcesBuildPhase section */
		B42CB52322AB3F9000302674 /* Sources */ = {
			isa = PBXSourcesBuildPhase;
			buildActionMask = 2147483647;
			files = (
				B42CB52D22AB3F9000302674 /* ChooseMoveViewController.swift in Sources */,
				B42CB52B22AB3F9000302674 /* AppDelegate.swift in Sources */,
				B42CB54122AB55E400302674 /* ResultViewController.swift in Sources */,
				B40733EF22AC736D002E4375 /* RoshamboMatch.swift in Sources */,
				B40733ED22AC6FED002E4375 /* RoshamboMove.swift in Sources */,
			);
			runOnlyForDeploymentPostprocessing = 0;
		};
/* End PBXSourcesBuildPhase section */

/* Begin PBXVariantGroup section */
		B42CB52E22AB3F9000302674 /* Main.storyboard */ = {
			isa = PBXVariantGroup;
			children = (
				B42CB52F22AB3F9000302674 /* Base */,
			);
			name = Main.storyboard;
			sourceTree = "<group>";
		};
		B42CB53322AB3F9000302674 /* LaunchScreen.storyboard */ = {
			isa = PBXVariantGroup;
			children = (
				B42CB53422AB3F9000302674 /* Base */,
			);
			name = LaunchScreen.storyboard;
			sourceTree = "<group>";
		};
/* End PBXVariantGroup section */

/* Begin XCBuildConfiguration section */
		B42CB53722AB3F9000302674 /* Debug */ = {
			isa = XCBuildConfiguration;
			buildSettings = {
				ALWAYS_SEARCH_USER_PATHS = NO;
				CLANG_ANALYZER_NONNULL = YES;
				CLANG_ANALYZER_NUMBER_OBJECT_CONVERSION = YES_AGGRESSIVE;
				CLANG_CXX_LANGUAGE_STANDARD = "gnu++14";
				CLANG_CXX_LIBRARY = "libc++";
				CLANG_ENABLE_MODULES = YES;
				CLANG_ENABLE_OBJC_ARC = YES;
				CLANG_ENABLE_OBJC_WEAK = YES;
				CLANG_WARN_BLOCK_CAPTURE_AUTORELEASING = YES;
				CLANG_WARN_BOOL_CONVERSION = YES;
				CLANG_WARN_COMMA = YES;
				CLANG_WARN_CONSTANT_CONVERSION = YES;
				CLANG_WARN_DEPRECATED_OBJC_IMPLEMENTATIONS = YES;
				CLANG_WARN_DIRECT_OBJC_ISA_USAGE = YES_ERROR;
				CLANG_WARN_DOCUMENTATION_COMMENTS = YES;
				CLANG_WARN_EMPTY_BODY = YES;
				CLANG_WARN_ENUM_CONVERSION = YES;
				CLANG_WARN_INFINITE_RECURSION = YES;
				CLANG_WARN_INT_CONVERSION = YES;
				CLANG_WARN_NON_LITERAL_NULL_CONVERSION = YES;
				CLANG_WARN_OBJC_IMPLICIT_RETAIN_SELF = YES;
				CLANG_WARN_OBJC_LITERAL_CONVERSION = YES;
				CLANG_WARN_OBJC_ROOT_CLASS = YES_ERROR;
				CLANG_WARN_RANGE_LOOP_ANALYSIS = YES;
				CLANG_WARN_STRICT_PROTOTYPES = YES;
				CLANG_WARN_SUSPICIOUS_MOVE = YES;
				CLANG_WARN_UNGUARDED_AVAILABILITY = YES_AGGRESSIVE;
				CLANG_WARN_UNREACHABLE_CODE = YES;
				CLANG_WARN__DUPLICATE_METHOD_MATCH = YES;
				CODE_SIGN_IDENTITY = "iPhone Developer";
				COPY_PHASE_STRIP = NO;
				DEBUG_INFORMATION_FORMAT = dwarf;
				ENABLE_STRICT_OBJC_MSGSEND = YES;
				ENABLE_TESTABILITY = YES;
				GCC_C_LANGUAGE_STANDARD = gnu11;
				GCC_DYNAMIC_NO_PIC = NO;
				GCC_NO_COMMON_BLOCKS = YES;
				GCC_OPTIMIZATION_LEVEL = 0;
				GCC_PREPROCESSOR_DEFINITIONS = (
					"DEBUG=1",
					"$(inherited)",
				);
				GCC_WARN_64_TO_32_BIT_CONVERSION = YES;
				GCC_WARN_ABOUT_RETURN_TYPE = YES_ERROR;
				GCC_WARN_UNDECLARED_SELECTOR = YES;
				GCC_WARN_UNINITIALIZED_AUTOS = YES_AGGRESSIVE;
				GCC_WARN_UNUSED_FUNCTION = YES;
				GCC_WARN_UNUSED_VARIABLE = YES;
				IPHONEOS_DEPLOYMENT_TARGET = 12.2;
				MTL_ENABLE_DEBUG_INFO = INCLUDE_SOURCE;
				MTL_FAST_MATH = YES;
				ONLY_ACTIVE_ARCH = YES;
				SDKROOT = iphoneos;
				SWIFT_ACTIVE_COMPILATION_CONDITIONS = DEBUG;
				SWIFT_OPTIMIZATION_LEVEL = "-Onone";
			};
			name = Debug;
		};
		B42CB53822AB3F9000302674 /* Release */ = {
			isa = XCBuildConfiguration;
			buildSettings = {
				ALWAYS_SEARCH_USER_PATHS = NO;
				CLANG_ANALYZER_NONNULL = YES;
				CLANG_ANALYZER_NUMBER_OBJECT_CONVERSION = YES_AGGRESSIVE;
				CLANG_CXX_LANGUAGE_STANDARD = "gnu++14";
				CLANG_CXX_LIBRARY = "libc++";
				CLANG_ENABLE_MODULES = YES;
				CLANG_ENABLE_OBJC_ARC = YES;
				CLANG_ENABLE_OBJC_WEAK = YES;
				CLANG_WARN_BLOCK_CAPTURE_AUTORELEASING = YES;
				CLANG_WARN_BOOL_CONVERSION = YES;
				CLANG_WARN_COMMA = YES;
				CLANG_WARN_CONSTANT_CONVERSION = YES;
				CLANG_WARN_DEPRECATED_OBJC_IMPLEMENTATIONS = YES;
				CLANG_WARN_DIRECT_OBJC_ISA_USAGE = YES_ERROR;
				CLANG_WARN_DOCUMENTATION_COMMENTS = YES;
				CLANG_WARN_EMPTY_BODY = YES;
				CLANG_WARN_ENUM_CONVERSION = YES;
				CLANG_WARN_INFINITE_RECURSION = YES;
				CLANG_WARN_INT_CONVERSION = YES;
				CLANG_WARN_NON_LITERAL_NULL_CONVERSION = YES;
				CLANG_WARN_OBJC_IMPLICIT_RETAIN_SELF = YES;
				CLANG_WARN_OBJC_LITERAL_CONVERSION = YES;
				CLANG_WARN_OBJC_ROOT_CLASS = YES_ERROR;
				CLANG_WARN_RANGE_LOOP_ANALYSIS = YES;
				CLANG_WARN_STRICT_PROTOTYPES = YES;
				CLANG_WARN_SUSPICIOUS_MOVE = YES;
				CLANG_WARN_UNGUARDED_AVAILABILITY = YES_AGGRESSIVE;
				CLANG_WARN_UNREACHABLE_CODE = YES;
				CLANG_WARN__DUPLICATE_METHOD_MATCH = YES;
				CODE_SIGN_IDENTITY = "iPhone Developer";
				COPY_PHASE_STRIP = NO;
				DEBUG_INFORMATION_FORMAT = "dwarf-with-dsym";
				ENABLE_NS_ASSERTIONS = NO;
				ENABLE_STRICT_OBJC_MSGSEND = YES;
				GCC_C_LANGUAGE_STANDARD = gnu11;
				GCC_NO_COMMON_BLOCKS = YES;
				GCC_WARN_64_TO_32_BIT_CONVERSION = YES;
				GCC_WARN_ABOUT_RETURN_TYPE = YES_ERROR;
				GCC_WARN_UNDECLARED_SELECTOR = YES;
				GCC_WARN_UNINITIALIZED_AUTOS = YES_AGGRESSIVE;
				GCC_WARN_UNUSED_FUNCTION = YES;
				GCC_WARN_UNUSED_VARIABLE = YES;
				IPHONEOS_DEPLOYMENT_TARGET = 12.2;
				MTL_ENABLE_DEBUG_INFO = NO;
				MTL_FAST_MATH = YES;
				SDKROOT = iphoneos;
				SWIFT_COMPILATION_MODE = wholemodule;
				SWIFT_OPTIMIZATION_LEVEL = "-O";
				VALIDATE_PRODUCT = YES;
			};
			name = Release;
		};
		B42CB53A22AB3F9000302674 /* Debug */ = {
			isa = XCBuildConfiguration;
			buildSettings = {
				ASSETCATALOG_COMPILER_APPICON_NAME = AppIcon;
				CODE_SIGN_STYLE = Automatic;
				DEVELOPMENT_TEAM = 298FWC7UDU;
				INFOPLIST_FILE = Roshambo/Info.plist;
				LD_RUNPATH_SEARCH_PATHS = (
					"$(inherited)",
					"@executable_path/Frameworks",
				);
				PRODUCT_BUNDLE_IDENTIFIER = sp.Roshambo;
				PRODUCT_NAME = "$(TARGET_NAME)";
				SWIFT_VERSION = 5.0;
				TARGETED_DEVICE_FAMILY = "1,2";
			};
			name = Debug;
		};
		B42CB53B22AB3F9000302674 /* Release */ = {
			isa = XCBuildConfiguration;
			buildSettings = {
				ASSETCATALOG_COMPILER_APPICON_NAME = AppIcon;
				CODE_SIGN_STYLE = Automatic;
				DEVELOPMENT_TEAM = 298FWC7UDU;
				INFOPLIST_FILE = Roshambo/Info.plist;
				LD_RUNPATH_SEARCH_PATHS = (
					"$(inherited)",
					"@executable_path/Frameworks",
				);
				PRODUCT_BUNDLE_IDENTIFIER = sp.Roshambo;
				PRODUCT_NAME = "$(TARGET_NAME)";
				SWIFT_VERSION = 5.0;
				TARGETED_DEVICE_FAMILY = "1,2";
			};
			name = Release;
		};
/* End XCBuildConfiguration section */

/* Begin XCConfigurationList section */
		B42CB52222AB3F9000302674 /* Build configuration list for PBXProject "Roshambo" */ = {
			isa = XCConfigurationList;
			buildConfigurations = (
				B42CB53722AB3F9000302674 /* Debug */,
				B42CB53822AB3F9000302674 /* Release */,
			);
			defaultConfigurationIsVisible = 0;
			defaultConfigurationName = Release;
		};
		B42CB53922AB3F9000302674 /* Build configuration list for PBXNativeTarget "Roshambo" */ = {
			isa = XCConfigurationList;
			buildConfigurations = (
				B42CB53A22AB3F9000302674 /* Debug */,
				B42CB53B22AB3F9000302674 /* Release */,
			);
			defaultConfigurationIsVisible = 0;
			defaultConfigurationName = Release;
		};
/* End XCConfigurationList section */
	};
	rootObject = B42CB51F22AB3F9000302674 /* Project object */;
}
